
Microsoft Visual Studio Solution File, Format Version 12.00
# Visual Studio 2012
Project("{FAE04EC0-301F-11D3-BF4B-00C04F79EFBC}") = "Movies", "Source\Movies\Movies.csproj", "{6B3B65E3-A53F-45A8-BADB-B7E729D567A0}"
EndProject
Project("{FAE04EC0-301F-11D3-BF4B-00C04F79EFBC}") = "Movies.Tests", "Tests\Movies.Tests\Movies.Tests.csproj", "{B604F0C8-5B69-48FD-8E99-9F25FA2680EC}"
EndProject
Global
	GlobalSection(SolutionConfigurationPlatforms) = preSolution
		Debug|Any CPU = Debug|Any CPU
		Release|Any CPU = Release|Any CPU
	EndGlobalSection
	GlobalSection(ProjectConfigurationPlatforms) = postSolution
		{6B3B65E3-A53F-45A8-BADB-B7E729D567A0}.Debug|Any CPU.ActiveCfg = Debug|Any CPU
		{6B3B65E3-A53F-45A8-BADB-B7E729D567A0}.Debug|Any CPU.Build.0 = Debug|Any CPU
		{6B3B65E3-A53F-45A8-BADB-B7E729D567A0}.Release|Any CPU.ActiveCfg = Release|Any CPU
		{6B3B65E3-A53F-45A8-BADB-B7E729D567A0}.Release|Any CPU.Build.0 = Release|Any CPU
		{B604F0C8-5B69-48FD-8E99-9F25FA2680EC}.Debug|Any CPU.ActiveCfg = Debug|Any CPU
		{B604F0C8-5B69-48FD-8E99-9F25FA2680EC}.Debug|Any CPU.Build.0 = Debug|Any CPU
		{B604F0C8-5B69-48FD-8E99-9F25FA2680EC}.Release|Any CPU.ActiveCfg = Release|Any CPU
		{B604F0C8-5B69-48FD-8E99-9F25FA2680EC}.Release|Any CPU.Build.0 = Release|Any CPU
	EndGlobalSection
	GlobalSection(SolutionProperties) = preSolution
		HideSolutionNode = FALSE
	EndGlobalSection
EndGlobal
